
Microsoft Visual Studio Solution File, Format Version 12.00
# Visual Studio Version 17
VisualStudioVersion = 17.9.34728.123
MinimumVisualStudioVersion = 10.0.40219.1
Project("{9A19103F-16F7-4668-BE54-9A1E7A4F7556}") = "FirstTask", "FirstTask\FirstTask.csproj", "{1AEBF8F9-F18F-455A-8C82-497C759E7CD1}"
EndProject
Project("{9A19103F-16F7-4668-BE54-9A1E7A4F7556}") = "UnitTest", "UnitTest\UnitTest.csproj", "{C1D2827F-ED99-4795-BE72-5D36D4E57276}"
EndProject
Project("{9A19103F-16F7-4668-BE54-9A1E7A4F7556}") = "SecondTask", "SecondTask\SecondTask.csproj", "{661CD4EB-D515-463D-8B84-BFD8BB3E4C73}"
EndProject
Project("{9A19103F-16F7-4668-BE54-9A1E7A4F7556}") = "ThirdTask", "ThirdTask\ThirdTask.csproj", "{FE00D22F-EA6C-4BBD-ADAB-85AB20BB2AC2}"
EndProject
Project("{FAE04EC0-301F-11D3-BF4B-00C04F79EFBC}") = "FourthTask", "FourthTask\FourthTask.csproj", "{67A9A1A2-1DD5-4444-B019-77D646113BEE}"
EndProject
Global
	GlobalSection(SolutionConfigurationPlatforms) = preSolution
		Debug|Any CPU = Debug|Any CPU
		Release|Any CPU = Release|Any CPU
	EndGlobalSection
	GlobalSection(ProjectConfigurationPlatforms) = postSolution
		{1AEBF8F9-F18F-455A-8C82-497C759E7CD1}.Debug|Any CPU.ActiveCfg = Debug|Any CPU
		{1AEBF8F9-F18F-455A-8C82-497C759E7CD1}.Debug|Any CPU.Build.0 = Debug|Any CPU
		{1AEBF8F9-F18F-455A-8C82-497C759E7CD1}.Release|Any CPU.ActiveCfg = Release|Any CPU
		{1AEBF8F9-F18F-455A-8C82-497C759E7CD1}.Release|Any CPU.Build.0 = Release|Any CPU
		{C1D2827F-ED99-4795-BE72-5D36D4E57276}.Debug|Any CPU.ActiveCfg = Debug|Any CPU
		{C1D2827F-ED99-4795-BE72-5D36D4E57276}.Debug|Any CPU.Build.0 = Debug|Any CPU
		{C1D2827F-ED99-4795-BE72-5D36D4E57276}.Release|Any CPU.ActiveCfg = Release|Any CPU
		{C1D2827F-ED99-4795-BE72-5D36D4E57276}.Release|Any CPU.Build.0 = Release|Any CPU
		{661CD4EB-D515-463D-8B84-BFD8BB3E4C73}.Debug|Any CPU.ActiveCfg = Debug|Any CPU
		{661CD4EB-D515-463D-8B84-BFD8BB3E4C73}.Debug|Any CPU.Build.0 = Debug|Any CPU
		{661CD4EB-D515-463D-8B84-BFD8BB3E4C73}.Release|Any CPU.ActiveCfg = Release|Any CPU
		{661CD4EB-D515-463D-8B84-BFD8BB3E4C73}.Release|Any CPU.Build.0 = Release|Any CPU
		{FE00D22F-EA6C-4BBD-ADAB-85AB20BB2AC2}.Debug|Any CPU.ActiveCfg = Debug|Any CPU
		{FE00D22F-EA6C-4BBD-ADAB-85AB20BB2AC2}.Debug|Any CPU.Build.0 = Debug|Any CPU
		{FE00D22F-EA6C-4BBD-ADAB-85AB20BB2AC2}.Release|Any CPU.ActiveCfg = Release|Any CPU
		{FE00D22F-EA6C-4BBD-ADAB-85AB20BB2AC2}.Release|Any CPU.Build.0 = Release|Any CPU
		{67A9A1A2-1DD5-4444-B019-77D646113BEE}.Debug|Any CPU.ActiveCfg = Debug|Any CPU
		{67A9A1A2-1DD5-4444-B019-77D646113BEE}.Debug|Any CPU.Build.0 = Debug|Any CPU
		{67A9A1A2-1DD5-4444-B019-77D646113BEE}.Release|Any CPU.ActiveCfg = Release|Any CPU
		{67A9A1A2-1DD5-4444-B019-77D646113BEE}.Release|Any CPU.Build.0 = Release|Any CPU
	EndGlobalSection
	GlobalSection(SolutionProperties) = preSolution
		HideSolutionNode = FALSE
	EndGlobalSection
	GlobalSection(ExtensibilityGlobals) = postSolution
		SolutionGuid = {6357587F-93D1-49B4-A8EF-2DEA30A21CFB}
	EndGlobalSection
EndGlobal
